
Microsoft Visual Studio Solution File, Format Version 12.00
# Visual Studio Version 16
VisualStudioVersion = 16.0.32901.82
MinimumVisualStudioVersion = 10.0.40219.1
Project("{8BC9CEB8-8B4A-11D0-8D11-00A0C91BC942}") = "db_lab_1", "db_lab_1\db_lab_1.vcxproj", "{21E2D1C4-1F12-4B71-8E3B-F93624948DD6}"
EndProject
Global
	GlobalSection(SolutionConfigurationPlatforms) = preSolution
		Debug|x64 = Debug|x64
		Debug|x86 = Debug|x86
		Release|x64 = Release|x64
		Release|x86 = Release|x86
	EndGlobalSection
	GlobalSection(ProjectConfigurationPlatforms) = postSolution
		{21E2D1C4-1F12-4B71-8E3B-F93624948DD6}.Debug|x64.ActiveCfg = Debug|x64
		{21E2D1C4-1F12-4B71-8E3B-F93624948DD6}.Debug|x64.Build.0 = Debug|x64
		{21E2D1C4-1F12-4B71-8E3B-F93624948DD6}.Debug|x86.ActiveCfg = Debug|Win32
		{21E2D1C4-1F12-4B71-8E3B-F93624948DD6}.Debug|x86.Build.0 = Debug|Win32
		{21E2D1C4-1F12-4B71-8E3B-F93624948DD6}.Release|x64.ActiveCfg = Release|x64
		{21E2D1C4-1F12-4B71-8E3B-F93624948DD6}.Release|x64.Build.0 = Release|x64
		{21E2D1C4-1F12-4B71-8E3B-F93624948DD6}.Release|x86.ActiveCfg = Release|Win32
		{21E2D1C4-1F12-4B71-8E3B-F93624948DD6}.Release|x86.Build.0 = Release|Win32
	EndGlobalSection
	GlobalSection(SolutionProperties) = preSolution
		HideSolutionNode = FALSE
	EndGlobalSection
	GlobalSection(ExtensibilityGlobals) = postSolution
		SolutionGuid = {7D45CAC3-4638-45F2-A0DA-AD302FFE5EEF}
	EndGlobalSection
EndGlobal
